
Microsoft Visual Studio Solution File, Format Version 12.00
# Visual Studio Version 16
VisualStudioVersion = 25.0.1704.0
MinimumVisualStudioVersion = 10.0.40219.1
Project("{2150E333-8FDC-42A3-9474-1A3956D46DE8}") = "Services", "Services", "{CF34A8CE-052E-486A-A0A7-7BD11BC497E7}"
EndProject
Project("{2150E333-8FDC-42A3-9474-1A3956D46DE8}") = "Catalog", "Catalog", "{42E9DD50-FCD5-4D65-B72B-38903BBF2895}"
EndProject
Project("{FAE04EC0-301F-11D3-BF4B-00C04F79EFBC}") = "FreeCourse.Services.Catalog", "Services\Catalog\FreeCourse.Services.Catalog\FreeCourse.Services.Catalog.csproj", "{C82A30CE-B232-4634-B7E5-C6EFC7CC2767}"
EndProject
Project("{2150E333-8FDC-42A3-9474-1A3956D46DE8}") = "SolutionItems", "SolutionItems", "{346FD733-E41D-4778-A5F8-0A0569622BE1}"
	ProjectSection(SolutionItems) = preProject
		Ports.txt = Ports.txt
	EndProjectSection
EndProject
Project("{2150E333-8FDC-42A3-9474-1A3956D46DE8}") = "Shared", "Shared", "{6B4C083A-7E15-4FCF-8336-32F47A7B0BE7}"
EndProject
Project("{FAE04EC0-301F-11D3-BF4B-00C04F79EFBC}") = "FreeCourse.Shared", "Shared\FreeCourse.Shared\FreeCourse.Shared.csproj", "{B70152BE-67E6-4CDA-9DDC-AED95B9766AB}"
EndProject
Project("{2150E333-8FDC-42A3-9474-1A3956D46DE8}") = "IdentityServer", "IdentityServer", "{41DF786E-4228-4CEF-B0A6-F3DE4F3835E4}"
EndProject
Project("{FAE04EC0-301F-11D3-BF4B-00C04F79EFBC}") = "FreeCourse.IdentityServer", "IdentityServer\FreeCourse.IdentityServer\FreeCourse.IdentityServer.csproj", "{E51E02B9-E65B-4E3E-895C-CFEC6022DAE4}"
EndProject
Project("{2150E333-8FDC-42A3-9474-1A3956D46DE8}") = "PhotoStock", "PhotoStock", "{9E7FE273-1240-487E-9316-B31D65E9C15B}"
EndProject
Project("{FAE04EC0-301F-11D3-BF4B-00C04F79EFBC}") = "FreeCourse.Services.PhotoStock", "Services\PhotoStock\FreeCourse.Services.PhotoStock\FreeCourse.Services.PhotoStock.csproj", "{D86951EC-1E27-45B0-A65C-352CE33CFF5E}"
EndProject
Project("{2150E333-8FDC-42A3-9474-1A3956D46DE8}") = "Basket", "Basket", "{C1CB169D-9180-4AA4-BBC7-A22865C96CAA}"
EndProject
Project("{FAE04EC0-301F-11D3-BF4B-00C04F79EFBC}") = "FreeCourse.Services.Basket", "Services\Basket\FreeCourse.Services.Basket\FreeCourse.Services.Basket.csproj", "{8D5B7F45-AEEA-48EA-9735-73CCE7E3B0E5}"
EndProject
Project("{2150E333-8FDC-42A3-9474-1A3956D46DE8}") = "Discount", "Discount", "{6AE1EAE1-8387-48D1-B271-0D4EB3C651C6}"
EndProject
Project("{FAE04EC0-301F-11D3-BF4B-00C04F79EFBC}") = "FreeCourse.Services.Discount", "Services\Discount\FreeCourse.Services.Discount\FreeCourse.Services.Discount.csproj", "{9744C8E8-E854-4D75-AAC2-0718588EDE12}"
EndProject
Project("{2150E333-8FDC-42A3-9474-1A3956D46DE8}") = "Order", "Order", "{B78F81B2-825A-4085-BD19-0E0D4497B049}"
EndProject
Project("{FAE04EC0-301F-11D3-BF4B-00C04F79EFBC}") = "FreeCourse.Services.Order.API", "Services\Order\FreeCourse.Services.Order.API\FreeCourse.Services.Order.API.csproj", "{4D21793A-5F82-4786-819A-3F0ACB7B40B6}"
EndProject
Project("{FAE04EC0-301F-11D3-BF4B-00C04F79EFBC}") = "FreeCourse.Services.Order.Application", "Services\Order\FreeCourse.Services.Order.Application\FreeCourse.Services.Order.Application.csproj", "{308D7789-47FD-418A-9858-09083EE6F168}"
EndProject
Project("{FAE04EC0-301F-11D3-BF4B-00C04F79EFBC}") = "FreeCourse.Services.Order.Domain", "Services\Order\FreeCourse.Services.Order.Domain\FreeCourse.Services.Order.Domain.csproj", "{EA263F38-2D6F-48CC-B086-34506CAE7FD5}"
EndProject
Project("{FAE04EC0-301F-11D3-BF4B-00C04F79EFBC}") = "FreeCourse.Services.Order.Infrastructure", "Services\Order\FreeCourse.Services.Order.Infrastructure\FreeCourse.Services.Order.Infrastructure.csproj", "{0AC39BBF-F909-4AF6-AA64-E67AE0E959B9}"
EndProject
Project("{FAE04EC0-301F-11D3-BF4B-00C04F79EFBC}") = "FreeCourse.Services.Order.Domain.Core", "Services\Order\FreeCourse.Services.Order.Domain.Core\FreeCourse.Services.Order.Domain.Core.csproj", "{D9A61AFB-9EE9-4F5B-8DC5-CD4C7C98ED25}"
EndProject
Project("{2150E333-8FDC-42A3-9474-1A3956D46DE8}") = "FakePayment", "FakePayment", "{1E2DB8DC-63C5-4DF6-838C-DE7182B8F70B}"
EndProject
Project("{FAE04EC0-301F-11D3-BF4B-00C04F79EFBC}") = "FreeCourse.Services.FakePayment", "Services\FakePayment\FreeCourse.Services.FakePayment\FreeCourse.Services.FakePayment.csproj", "{F7D1872A-2E87-488F-B18E-0722DE7BE0E3}"
EndProject
Global
	GlobalSection(SolutionConfigurationPlatforms) = preSolution
		Debug|Any CPU = Debug|Any CPU
		Release|Any CPU = Release|Any CPU
	EndGlobalSection
	GlobalSection(ProjectConfigurationPlatforms) = postSolution
		{C82A30CE-B232-4634-B7E5-C6EFC7CC2767}.Debug|Any CPU.ActiveCfg = Debug|Any CPU
		{C82A30CE-B232-4634-B7E5-C6EFC7CC2767}.Debug|Any CPU.Build.0 = Debug|Any CPU
		{C82A30CE-B232-4634-B7E5-C6EFC7CC2767}.Release|Any CPU.ActiveCfg = Release|Any CPU
		{C82A30CE-B232-4634-B7E5-C6EFC7CC2767}.Release|Any CPU.Build.0 = Release|Any CPU
		{B70152BE-67E6-4CDA-9DDC-AED95B9766AB}.Debug|Any CPU.ActiveCfg = Debug|Any CPU
		{B70152BE-67E6-4CDA-9DDC-AED95B9766AB}.Debug|Any CPU.Build.0 = Debug|Any CPU
		{B70152BE-67E6-4CDA-9DDC-AED95B9766AB}.Release|Any CPU.ActiveCfg = Release|Any CPU
		{B70152BE-67E6-4CDA-9DDC-AED95B9766AB}.Release|Any CPU.Build.0 = Release|Any CPU
		{E51E02B9-E65B-4E3E-895C-CFEC6022DAE4}.Debug|Any CPU.ActiveCfg = Debug|Any CPU
		{E51E02B9-E65B-4E3E-895C-CFEC6022DAE4}.Debug|Any CPU.Build.0 = Debug|Any CPU
		{E51E02B9-E65B-4E3E-895C-CFEC6022DAE4}.Release|Any CPU.ActiveCfg = Release|Any CPU
		{E51E02B9-E65B-4E3E-895C-CFEC6022DAE4}.Release|Any CPU.Build.0 = Release|Any CPU
		{D86951EC-1E27-45B0-A65C-352CE33CFF5E}.Debug|Any CPU.ActiveCfg = Debug|Any CPU
		{D86951EC-1E27-45B0-A65C-352CE33CFF5E}.Debug|Any CPU.Build.0 = Debug|Any CPU
		{D86951EC-1E27-45B0-A65C-352CE33CFF5E}.Release|Any CPU.ActiveCfg = Release|Any CPU
		{D86951EC-1E27-45B0-A65C-352CE33CFF5E}.Release|Any CPU.Build.0 = Release|Any CPU
		{8D5B7F45-AEEA-48EA-9735-73CCE7E3B0E5}.Debug|Any CPU.ActiveCfg = Debug|Any CPU
		{8D5B7F45-AEEA-48EA-9735-73CCE7E3B0E5}.Debug|Any CPU.Build.0 = Debug|Any CPU
		{8D5B7F45-AEEA-48EA-9735-73CCE7E3B0E5}.Release|Any CPU.ActiveCfg = Release|Any CPU
		{8D5B7F45-AEEA-48EA-9735-73CCE7E3B0E5}.Release|Any CPU.Build.0 = Release|Any CPU
		{9744C8E8-E854-4D75-AAC2-0718588EDE12}.Debug|Any CPU.ActiveCfg = Debug|Any CPU
		{9744C8E8-E854-4D75-AAC2-0718588EDE12}.Debug|Any CPU.Build.0 = Debug|Any CPU
		{9744C8E8-E854-4D75-AAC2-0718588EDE12}.Release|Any CPU.ActiveCfg = Release|Any CPU
		{9744C8E8-E854-4D75-AAC2-0718588EDE12}.Release|Any CPU.Build.0 = Release|Any CPU
		{4D21793A-5F82-4786-819A-3F0ACB7B40B6}.Debug|Any CPU.ActiveCfg = Debug|Any CPU
		{4D21793A-5F82-4786-819A-3F0ACB7B40B6}.Debug|Any CPU.Build.0 = Debug|Any CPU
		{4D21793A-5F82-4786-819A-3F0ACB7B40B6}.Release|Any CPU.ActiveCfg = Release|Any CPU
		{4D21793A-5F82-4786-819A-3F0ACB7B40B6}.Release|Any CPU.Build.0 = Release|Any CPU
		{308D7789-47FD-418A-9858-09083EE6F168}.Debug|Any CPU.ActiveCfg = Debug|Any CPU
		{308D7789-47FD-418A-9858-09083EE6F168}.Debug|Any CPU.Build.0 = Debug|Any CPU
		{308D7789-47FD-418A-9858-09083EE6F168}.Release|Any CPU.ActiveCfg = Release|Any CPU
		{308D7789-47FD-418A-9858-09083EE6F168}.Release|Any CPU.Build.0 = Release|Any CPU
		{EA263F38-2D6F-48CC-B086-34506CAE7FD5}.Debug|Any CPU.ActiveCfg = Debug|Any CPU
		{EA263F38-2D6F-48CC-B086-34506CAE7FD5}.Debug|Any CPU.Build.0 = Debug|Any CPU
		{EA263F38-2D6F-48CC-B086-34506CAE7FD5}.Release|Any CPU.ActiveCfg = Release|Any CPU
		{EA263F38-2D6F-48CC-B086-34506CAE7FD5}.Release|Any CPU.Build.0 = Release|Any CPU
		{0AC39BBF-F909-4AF6-AA64-E67AE0E959B9}.Debug|Any CPU.ActiveCfg = Debug|Any CPU
		{0AC39BBF-F909-4AF6-AA64-E67AE0E959B9}.Debug|Any CPU.Build.0 = Debug|Any CPU
		{0AC39BBF-F909-4AF6-AA64-E67AE0E959B9}.Release|Any CPU.ActiveCfg = Release|Any CPU
		{0AC39BBF-F909-4AF6-AA64-E67AE0E959B9}.Release|Any CPU.Build.0 = Release|Any CPU
		{D9A61AFB-9EE9-4F5B-8DC5-CD4C7C98ED25}.Debug|Any CPU.ActiveCfg = Debug|Any CPU
		{D9A61AFB-9EE9-4F5B-8DC5-CD4C7C98ED25}.Debug|Any CPU.Build.0 = Debug|Any CPU
		{D9A61AFB-9EE9-4F5B-8DC5-CD4C7C98ED25}.Release|Any CPU.ActiveCfg = Release|Any CPU
		{D9A61AFB-9EE9-4F5B-8DC5-CD4C7C98ED25}.Release|Any CPU.Build.0 = Release|Any CPU
		{F7D1872A-2E87-488F-B18E-0722DE7BE0E3}.Debug|Any CPU.ActiveCfg = Debug|Any CPU
		{F7D1872A-2E87-488F-B18E-0722DE7BE0E3}.Debug|Any CPU.Build.0 = Debug|Any CPU
		{F7D1872A-2E87-488F-B18E-0722DE7BE0E3}.Release|Any CPU.ActiveCfg = Release|Any CPU
		{F7D1872A-2E87-488F-B18E-0722DE7BE0E3}.Release|Any CPU.Build.0 = Release|Any CPU
	EndGlobalSection
	GlobalSection(SolutionProperties) = preSolution
		HideSolutionNode = FALSE
	EndGlobalSection
	GlobalSection(ExtensibilityGlobals) = postSolution
		SolutionGuid = {249D076F-5649-4668-B36D-83ACCC76EFD5}
	EndGlobalSection
	GlobalSection(NestedProjects) = preSolution
		{42E9DD50-FCD5-4D65-B72B-38903BBF2895} = {CF34A8CE-052E-486A-A0A7-7BD11BC497E7}
		{C82A30CE-B232-4634-B7E5-C6EFC7CC2767} = {42E9DD50-FCD5-4D65-B72B-38903BBF2895}
		{B70152BE-67E6-4CDA-9DDC-AED95B9766AB} = {6B4C083A-7E15-4FCF-8336-32F47A7B0BE7}
		{E51E02B9-E65B-4E3E-895C-CFEC6022DAE4} = {41DF786E-4228-4CEF-B0A6-F3DE4F3835E4}
		{9E7FE273-1240-487E-9316-B31D65E9C15B} = {CF34A8CE-052E-486A-A0A7-7BD11BC497E7}
		{D86951EC-1E27-45B0-A65C-352CE33CFF5E} = {9E7FE273-1240-487E-9316-B31D65E9C15B}
		{C1CB169D-9180-4AA4-BBC7-A22865C96CAA} = {CF34A8CE-052E-486A-A0A7-7BD11BC497E7}
		{8D5B7F45-AEEA-48EA-9735-73CCE7E3B0E5} = {C1CB169D-9180-4AA4-BBC7-A22865C96CAA}
		{6AE1EAE1-8387-48D1-B271-0D4EB3C651C6} = {CF34A8CE-052E-486A-A0A7-7BD11BC497E7}
		{9744C8E8-E854-4D75-AAC2-0718588EDE12} = {6AE1EAE1-8387-48D1-B271-0D4EB3C651C6}
		{B78F81B2-825A-4085-BD19-0E0D4497B049} = {CF34A8CE-052E-486A-A0A7-7BD11BC497E7}
		{4D21793A-5F82-4786-819A-3F0ACB7B40B6} = {B78F81B2-825A-4085-BD19-0E0D4497B049}
		{308D7789-47FD-418A-9858-09083EE6F168} = {B78F81B2-825A-4085-BD19-0E0D4497B049}
		{EA263F38-2D6F-48CC-B086-34506CAE7FD5} = {B78F81B2-825A-4085-BD19-0E0D4497B049}
		{0AC39BBF-F909-4AF6-AA64-E67AE0E959B9} = {B78F81B2-825A-4085-BD19-0E0D4497B049}
		{D9A61AFB-9EE9-4F5B-8DC5-CD4C7C98ED25} = {B78F81B2-825A-4085-BD19-0E0D4497B049}
		{1E2DB8DC-63C5-4DF6-838C-DE7182B8F70B} = {CF34A8CE-052E-486A-A0A7-7BD11BC497E7}
		{F7D1872A-2E87-488F-B18E-0722DE7BE0E3} = {1E2DB8DC-63C5-4DF6-838C-DE7182B8F70B}
	EndGlobalSection
EndGlobal
